
Microsoft Visual Studio Solution File, Format Version 12.00
# Visual Studio Version 17
VisualStudioVersion = 17.11.35327.3
MinimumVisualStudioVersion = 10.0.40219.1
Project("{FAE04EC0-301F-11D3-BF4B-00C04F79EFBC}") = "AUT02_05", "AUT02_05.csproj", "{9CE3797A-5729-4F59-9523-548695E0AD08}"
EndProject
Global
	GlobalSection(SolutionConfigurationPlatforms) = preSolution
		Debug|Any CPU = Debug|Any CPU
		Release|Any CPU = Release|Any CPU
	EndGlobalSection
	GlobalSection(ProjectConfigurationPlatforms) = postSolution
		{9CE3797A-5729-4F59-9523-548695E0AD08}.Debug|Any CPU.ActiveCfg = Debug|Any CPU
		{9CE3797A-5729-4F59-9523-548695E0AD08}.Debug|Any CPU.Build.0 = Debug|Any CPU
		{9CE3797A-5729-4F59-9523-548695E0AD08}.Release|Any CPU.ActiveCfg = Release|Any CPU
		{9CE3797A-5729-4F59-9523-548695E0AD08}.Release|Any CPU.Build.0 = Release|Any CPU
	EndGlobalSection
	GlobalSection(SolutionProperties) = preSolution
		HideSolutionNode = FALSE
	EndGlobalSection
	GlobalSection(ExtensibilityGlobals) = postSolution
		SolutionGuid = {A9D16317-53AD-4D68-974B-C1D25B1A45B1}
	EndGlobalSection
EndGlobal
